
Microsoft Visual Studio Solution File, Format Version 12.00
# Visual Studio Version 17
VisualStudioVersion = 17.0.31903.59
MinimumVisualStudioVersion = 10.0.40219.1
Project("{FAE04EC0-301F-11D3-BF4B-00C04F79EFBC}") = "FadeevCalculatorLib", "FadeevCalculatorLib\FadeevCalculatorLib.csproj", "{E7A93EB9-F324-409A-AB4D-ADB280AB13FC}"
EndProject
Project("{FAE04EC0-301F-11D3-BF4B-00C04F79EFBC}") = "FadeevCalculatorApp", "FadeevCalculatorApp\FadeevCalculatorApp.csproj", "{ECF5FDB3-172D-4225-A50E-70143EA18B96}"
EndProject
Project("{FAE04EC0-301F-11D3-BF4B-00C04F79EFBC}") = "FadeevCalculatorTests", "FadeevCalculatorTests\FadeevCalculatorTests.csproj", "{F25036B6-4977-45B0-9EC5-09724E615A38}"
EndProject
Global
	GlobalSection(SolutionConfigurationPlatforms) = preSolution
		Debug|Any CPU = Debug|Any CPU
		Debug|x64 = Debug|x64
		Debug|x86 = Debug|x86
		Release|Any CPU = Release|Any CPU
		Release|x64 = Release|x64
		Release|x86 = Release|x86
	EndGlobalSection
	GlobalSection(ProjectConfigurationPlatforms) = postSolution
		{E7A93EB9-F324-409A-AB4D-ADB280AB13FC}.Debug|Any CPU.ActiveCfg = Debug|Any CPU
		{E7A93EB9-F324-409A-AB4D-ADB280AB13FC}.Debug|Any CPU.Build.0 = Debug|Any CPU
		{E7A93EB9-F324-409A-AB4D-ADB280AB13FC}.Debug|x64.ActiveCfg = Debug|Any CPU
		{E7A93EB9-F324-409A-AB4D-ADB280AB13FC}.Debug|x64.Build.0 = Debug|Any CPU
		{E7A93EB9-F324-409A-AB4D-ADB280AB13FC}.Debug|x86.ActiveCfg = Debug|Any CPU
		{E7A93EB9-F324-409A-AB4D-ADB280AB13FC}.Debug|x86.Build.0 = Debug|Any CPU
		{E7A93EB9-F324-409A-AB4D-ADB280AB13FC}.Release|Any CPU.ActiveCfg = Release|Any CPU
		{E7A93EB9-F324-409A-AB4D-ADB280AB13FC}.Release|Any CPU.Build.0 = Release|Any CPU
		{E7A93EB9-F324-409A-AB4D-ADB280AB13FC}.Release|x64.ActiveCfg = Release|Any CPU
		{E7A93EB9-F324-409A-AB4D-ADB280AB13FC}.Release|x64.Build.0 = Release|Any CPU
		{E7A93EB9-F324-409A-AB4D-ADB280AB13FC}.Release|x86.ActiveCfg = Release|Any CPU
		{E7A93EB9-F324-409A-AB4D-ADB280AB13FC}.Release|x86.Build.0 = Release|Any CPU
		{ECF5FDB3-172D-4225-A50E-70143EA18B96}.Debug|Any CPU.ActiveCfg = Debug|Any CPU
		{ECF5FDB3-172D-4225-A50E-70143EA18B96}.Debug|Any CPU.Build.0 = Debug|Any CPU
		{ECF5FDB3-172D-4225-A50E-70143EA18B96}.Debug|x64.ActiveCfg = Debug|Any CPU
		{ECF5FDB3-172D-4225-A50E-70143EA18B96}.Debug|x64.Build.0 = Debug|Any CPU
		{ECF5FDB3-172D-4225-A50E-70143EA18B96}.Debug|x86.ActiveCfg = Debug|Any CPU
		{ECF5FDB3-172D-4225-A50E-70143EA18B96}.Debug|x86.Build.0 = Debug|Any CPU
		{ECF5FDB3-172D-4225-A50E-70143EA18B96}.Release|Any CPU.ActiveCfg = Release|Any CPU
		{ECF5FDB3-172D-4225-A50E-70143EA18B96}.Release|Any CPU.Build.0 = Release|Any CPU
		{ECF5FDB3-172D-4225-A50E-70143EA18B96}.Release|x64.ActiveCfg = Release|Any CPU
		{ECF5FDB3-172D-4225-A50E-70143EA18B96}.Release|x64.Build.0 = Release|Any CPU
		{ECF5FDB3-172D-4225-A50E-70143EA18B96}.Release|x86.ActiveCfg = Release|Any CPU
		{ECF5FDB3-172D-4225-A50E-70143EA18B96}.Release|x86.Build.0 = Release|Any CPU
		{F25036B6-4977-45B0-9EC5-09724E615A38}.Debug|Any CPU.ActiveCfg = Debug|Any CPU
		{F25036B6-4977-45B0-9EC5-09724E615A38}.Debug|Any CPU.Build.0 = Debug|Any CPU
		{F25036B6-4977-45B0-9EC5-09724E615A38}.Debug|x64.ActiveCfg = Debug|Any CPU
		{F25036B6-4977-45B0-9EC5-09724E615A38}.Debug|x64.Build.0 = Debug|Any CPU
		{F25036B6-4977-45B0-9EC5-09724E615A38}.Debug|x86.ActiveCfg = Debug|Any CPU
		{F25036B6-4977-45B0-9EC5-09724E615A38}.Debug|x86.Build.0 = Debug|Any CPU
		{F25036B6-4977-45B0-9EC5-09724E615A38}.Release|Any CPU.ActiveCfg = Release|Any CPU
		{F25036B6-4977-45B0-9EC5-09724E615A38}.Release|Any CPU.Build.0 = Release|Any CPU
		{F25036B6-4977-45B0-9EC5-09724E615A38}.Release|x64.ActiveCfg = Release|Any CPU
		{F25036B6-4977-45B0-9EC5-09724E615A38}.Release|x64.Build.0 = Release|Any CPU
		{F25036B6-4977-45B0-9EC5-09724E615A38}.Release|x86.ActiveCfg = Release|Any CPU
		{F25036B6-4977-45B0-9EC5-09724E615A38}.Release|x86.Build.0 = Release|Any CPU
	EndGlobalSection
	GlobalSection(SolutionProperties) = preSolution
		HideSolutionNode = FALSE
	EndGlobalSection
EndGlobal
